
Microsoft Visual Studio Solution File, Format Version 12.00
# Visual Studio Version 16
VisualStudioVersion = 16.0.29418.71
MinimumVisualStudioVersion = 10.0.40219.1
Project("{FAE04EC0-301F-11D3-BF4B-00C04F79EFBC}") = "eContracting.Website", "eContracting.Website\eContracting.Website.csproj", "{F5CDFDE6-B465-46F0-A9D8-E69F06416BF8}"
EndProject
Project("{2150E333-8FDC-42A3-9474-1A3956D46DE8}") = ".nuget", ".nuget", "{3703D589-5C25-4F7D-BDE0-C24070AF2B9A}"
	ProjectSection(SolutionItems) = preProject
		.nuget\Nuget.config = .nuget\Nuget.config
	EndProjectSection
EndProject
Project("{FAE04EC0-301F-11D3-BF4B-00C04F79EFBC}") = "eContracting.Kernel", "eContracting.Kernel\eContracting.Kernel.csproj", "{8E443FE9-7BFB-4417-A625-9785FEC7F358}"
EndProject
Project("{2150E333-8FDC-42A3-9474-1A3956D46DE8}") = "Examples", "Examples", "{FCE383FF-8571-4051-95F9-6293F4F54522}"
EndProject
Project("{2150E333-8FDC-42A3-9474-1A3956D46DE8}") = "SAP", "SAP", "{1A225118-EBA8-4BE0-BD04-DE6BBC8B53BA}"
	ProjectSection(SolutionItems) = preProject
		examples\SAP\BN_0203075474_ZQ10_8170105899.xml = examples\SAP\BN_0203075474_ZQ10_8170105899.xml
		examples\SAP\BN_0203075474_ZQ10_8170105899_EED.xml = examples\SAP\BN_0203075474_ZQ10_8170105899_EED.xml
		examples\SAP\BN_0203075474_ZQ10_8170105899_EPO.xml = examples\SAP\BN_0203075474_ZQ10_8170105899_EPO.xml
		examples\SAP\BN_0203075474_ZQ10_8170105899_V01.xml = examples\SAP\BN_0203075474_ZQ10_8170105899_V01.xml
		examples\SAP\BN_0203075474_ZQ10_8170105899_V02.xml = examples\SAP\BN_0203075474_ZQ10_8170105899_V02.xml
		examples\SAP\BN_0203075474_ZQ10_8170105899_V03.xml = examples\SAP\BN_0203075474_ZQ10_8170105899_V03.xml
		examples\SAP\BN_0203696701_ZQ10_1001143839_EPD.xml = examples\SAP\BN_0203696701_ZQ10_1001143839_EPD.xml
		examples\SAP\BN_0203696701_ZQ10_1001143839_EPO.xml = examples\SAP\BN_0203696701_ZQ10_1001143839_EPO.xml
		examples\SAP\BN_0203696701_ZQ10_1001143839_V01.xml = examples\SAP\BN_0203696701_ZQ10_1001143839_V01.xml
		examples\SAP\BN_0203696701_ZQ10_1001143839_V02.xml = examples\SAP\BN_0203696701_ZQ10_1001143839_V02.xml
		examples\SAP\BN_0203696701_ZQ10_1001143839_V03.xml = examples\SAP\BN_0203696701_ZQ10_1001143839_V03.xml
		howto.md = howto.md
	EndProjectSection
EndProject
Project("{2150E333-8FDC-42A3-9474-1A3956D46DE8}") = "Libs", "Libs", "{B40BA044-AF31-4AC5-858D-6A8721FACBF0}"
	ProjectSection(SolutionItems) = preProject
		libs\pdfium.dll = libs\pdfium.dll
		libs\Rwe.Sc.AcceptanceLogger.dll = libs\Rwe.Sc.AcceptanceLogger.dll
	EndProjectSection
EndProject
Project("{FAE04EC0-301F-11D3-BF4B-00C04F79EFBC}") = "eContracting.Kernel.Tests", "eContracting.Kernel.Tests\eContracting.Kernel.Tests.csproj", "{E58C5990-176D-45EB-820D-25DA5D896DF2}"
EndProject
Project("{FAE04EC0-301F-11D3-BF4B-00C04F79EFBC}") = "eContracting.Website.Tests", "eContracting.Website.Tests\eContracting.Website.Tests.csproj", "{065644DA-6066-45C1-A040-172024550583}"
EndProject
Global
	GlobalSection(SolutionConfigurationPlatforms) = preSolution
		Debug|Any CPU = Debug|Any CPU
		Release|Any CPU = Release|Any CPU
	EndGlobalSection
	GlobalSection(ProjectConfigurationPlatforms) = postSolution
		{F5CDFDE6-B465-46F0-A9D8-E69F06416BF8}.Debug|Any CPU.ActiveCfg = Debug|Any CPU
		{F5CDFDE6-B465-46F0-A9D8-E69F06416BF8}.Debug|Any CPU.Build.0 = Debug|Any CPU
		{F5CDFDE6-B465-46F0-A9D8-E69F06416BF8}.Release|Any CPU.ActiveCfg = Release|Any CPU
		{F5CDFDE6-B465-46F0-A9D8-E69F06416BF8}.Release|Any CPU.Build.0 = Release|Any CPU
		{8E443FE9-7BFB-4417-A625-9785FEC7F358}.Debug|Any CPU.ActiveCfg = Debug|Any CPU
		{8E443FE9-7BFB-4417-A625-9785FEC7F358}.Debug|Any CPU.Build.0 = Debug|Any CPU
		{8E443FE9-7BFB-4417-A625-9785FEC7F358}.Release|Any CPU.ActiveCfg = Release|Any CPU
		{8E443FE9-7BFB-4417-A625-9785FEC7F358}.Release|Any CPU.Build.0 = Release|Any CPU
		{E58C5990-176D-45EB-820D-25DA5D896DF2}.Debug|Any CPU.ActiveCfg = Debug|Any CPU
		{E58C5990-176D-45EB-820D-25DA5D896DF2}.Debug|Any CPU.Build.0 = Debug|Any CPU
		{E58C5990-176D-45EB-820D-25DA5D896DF2}.Release|Any CPU.ActiveCfg = Release|Any CPU
		{E58C5990-176D-45EB-820D-25DA5D896DF2}.Release|Any CPU.Build.0 = Release|Any CPU
		{065644DA-6066-45C1-A040-172024550583}.Debug|Any CPU.ActiveCfg = Debug|Any CPU
		{065644DA-6066-45C1-A040-172024550583}.Debug|Any CPU.Build.0 = Debug|Any CPU
		{065644DA-6066-45C1-A040-172024550583}.Release|Any CPU.ActiveCfg = Release|Any CPU
		{065644DA-6066-45C1-A040-172024550583}.Release|Any CPU.Build.0 = Release|Any CPU
	EndGlobalSection
	GlobalSection(SolutionProperties) = preSolution
		HideSolutionNode = FALSE
	EndGlobalSection
	GlobalSection(NestedProjects) = preSolution
		{1A225118-EBA8-4BE0-BD04-DE6BBC8B53BA} = {FCE383FF-8571-4051-95F9-6293F4F54522}
	EndGlobalSection
	GlobalSection(ExtensibilityGlobals) = postSolution
		SolutionGuid = {AAD52D96-AB96-4035-9EFD-37081E62158B}
	EndGlobalSection
EndGlobal
