
Microsoft Visual Studio Solution File, Format Version 12.00
# Visual Studio 14
VisualStudioVersion = 14.0.25420.1
MinimumVisualStudioVersion = 10.0.40219.1
Project("{E24C65DC-7377-472B-9ABA-BC803B73C61A}") = "eContracting", "http://localhost:14958", "{CA4AA642-7F68-4618-8696-4D90AE693E8E}"
	ProjectSection(WebsiteProperties) = preProject
		UseIISExpress = "true"
		TargetFrameworkMoniker = ".NETFramework,Version%3Dv4.0"
		Debug.AspNetCompiler.VirtualPath = "/localhost_14958"
		Debug.AspNetCompiler.PhysicalPath = "..\..\..\eContracting\"
		Debug.AspNetCompiler.TargetPath = "PrecompiledWeb\localhost_14958\"
		Debug.AspNetCompiler.Updateable = "true"
		Debug.AspNetCompiler.ForceOverwrite = "true"
		Debug.AspNetCompiler.FixedNames = "false"
		Debug.AspNetCompiler.Debug = "True"
		Release.AspNetCompiler.VirtualPath = "/localhost_14958"
		Release.AspNetCompiler.PhysicalPath = "..\..\..\eContracting\"
		Release.AspNetCompiler.TargetPath = "PrecompiledWeb\localhost_14958\"
		Release.AspNetCompiler.Updateable = "true"
		Release.AspNetCompiler.ForceOverwrite = "true"
		Release.AspNetCompiler.FixedNames = "false"
		Release.AspNetCompiler.Debug = "False"
		SlnRelativePath = "..\..\..\eContracting\"
	EndProjectSection
EndProject
Project("{FAE04EC0-301F-11D3-BF4B-00C04F79EFBC}") = "rweClient", "..\..\rweClient\rweClient.csproj", "{853F612F-48D7-47E3-96AB-C9B0DCE9AF02}"
EndProject
Global
	GlobalSection(SolutionConfigurationPlatforms) = preSolution
		Debug|Any CPU = Debug|Any CPU
		Release|Any CPU = Release|Any CPU
	EndGlobalSection
	GlobalSection(ProjectConfigurationPlatforms) = postSolution
		{CA4AA642-7F68-4618-8696-4D90AE693E8E}.Debug|Any CPU.ActiveCfg = Debug|Any CPU
		{CA4AA642-7F68-4618-8696-4D90AE693E8E}.Debug|Any CPU.Build.0 = Debug|Any CPU
		{CA4AA642-7F68-4618-8696-4D90AE693E8E}.Release|Any CPU.ActiveCfg = Debug|Any CPU
		{CA4AA642-7F68-4618-8696-4D90AE693E8E}.Release|Any CPU.Build.0 = Debug|Any CPU
		{853F612F-48D7-47E3-96AB-C9B0DCE9AF02}.Debug|Any CPU.ActiveCfg = Debug|Any CPU
		{853F612F-48D7-47E3-96AB-C9B0DCE9AF02}.Debug|Any CPU.Build.0 = Debug|Any CPU
		{853F612F-48D7-47E3-96AB-C9B0DCE9AF02}.Release|Any CPU.ActiveCfg = Release|Any CPU
		{853F612F-48D7-47E3-96AB-C9B0DCE9AF02}.Release|Any CPU.Build.0 = Release|Any CPU
	EndGlobalSection
	GlobalSection(SolutionProperties) = preSolution
		HideSolutionNode = FALSE
	EndGlobalSection
EndGlobal
